// !$*UTF8*$!
{
	archiveVersion = 1;
	classes = {
	};
	objectVersion = 46;
	objects = {

/* Begin PBXBuildFile section */
		6F555EA83C2E670B1337DB92 /* Pods_GenAudio.framework in Frameworks */ = {isa = PBXBuildFile; fileRef = 458D79967D454040596CA97F /* Pods_GenAudio.framework */; };
		764DC01D1F3540FF00CEBB4F /* AppDelegate.swift in Sources */ = {isa = PBXBuildFile; fileRef = 764DC01C1F3540FF00CEBB4F /* AppDelegate.swift */; };
		764DC01F1F3540FF00CEBB4F /* ViewController.swift in Sources */ = {isa = PBXBuildFile; fileRef = 764DC01E1F3540FF00CEBB4F /* ViewController.swift */; };
		764DC0221F35410000CEBB4F /* Main.storyboard in Resources */ = {isa = PBXBuildFile; fileRef = 764DC0201F35410000CEBB4F /* Main.storyboard */; };
		764DC0241F35410000CEBB4F /* Assets.xcassets in Resources */ = {isa = PBXBuildFile; fileRef = 764DC0231F35410000CEBB4F /* Assets.xcassets */; };
		764DC0271F35410000CEBB4F /* LaunchScreen.storyboard in Resources */ = {isa = PBXBuildFile; fileRef = 764DC0251F35410000CEBB4F /* LaunchScreen.storyboard */; };
		764DC02F1F35419700CEBB4F /* G8AudioKitWrapper.swift in Sources */ = {isa = PBXBuildFile; fileRef = 764DC02E1F35419700CEBB4F /* G8AudioKitWrapper.swift */; };
/* End PBXBuildFile section */

/* Begin PBXFileReference section */
		3F809DAF3664BF3ABE80829D /* Pods-GenAudio.release.xcconfig */ = {isa = PBXFileReference; includeInIndex = 1; lastKnownFileType = text.xcconfig; name = "Pods-GenAudio.release.xcconfig"; path = "Pods/Target Support Files/Pods-GenAudio/Pods-GenAudio.release.xcconfig"; sourceTree = "<group>"; };
		458D79967D454040596CA97F /* Pods_GenAudio.framework */ = {isa = PBXFileReference; explicitFileType = wrapper.framework; includeInIndex = 0; path = Pods_GenAudio.framework; sourceTree = BUILT_PRODUCTS_DIR; };
		4F40358B0814CE67F7450D2F /* Pods-GenAudio.debug.xcconfig */ = {isa = PBXFileReference; includeInIndex = 1; lastKnownFileType = text.xcconfig; name = "Pods-GenAudio.debug.xcconfig"; path = "Pods/Target Support Files/Pods-GenAudio/Pods-GenAudio.debug.xcconfig"; sourceTree = "<group>"; };
		764DC0191F3540FF00CEBB4F /* GenAudio.app */ = {isa = PBXFileReference; explicitFileType = wrapper.application; includeInIndex = 0; path = GenAudio.app; sourceTree = BUILT_PRODUCTS_DIR; };
		764DC01C1F3540FF00CEBB4F /* AppDelegate.swift */ = {isa = PBXFileReference; lastKnownFileType = sourcecode.swift; path = AppDelegate.swift; sourceTree = "<group>"; };
		764DC01E1F3540FF00CEBB4F /* ViewController.swift */ = {isa = PBXFileReference; lastKnownFileType = sourcecode.swift; path = ViewController.swift; sourceTree = "<group>"; };
		764DC0211F35410000CEBB4F /* Base */ = {isa = PBXFileReference; lastKnownFileType = file.storyboard; name = Base; path = Base.lproj/Main.storyboard; sourceTree = "<group>"; };
		764DC0231F35410000CEBB4F /* Assets.xcassets */ = {isa = PBXFileReference; lastKnownFileType = folder.assetcatalog; path = Assets.xcassets; sourceTree = "<group>"; };
		764DC0261F35410000CEBB4F /* Base */ = {isa = PBXFileReference; lastKnownFileType = file.storyboard; name = Base; path = Base.lproj/LaunchScreen.storyboard; sourceTree = "<group>"; };
		764DC0281F35410000CEBB4F /* Info.plist */ = {isa = PBXFileReference; lastKnownFileType = text.plist.xml; path = Info.plist; sourceTree = "<group>"; };
		764DC02E1F35419700CEBB4F /* G8AudioKitWrapper.swift */ = {isa = PBXFileReference; fileEncoding = 4; lastKnownFileType = sourcecode.swift; path = G8AudioKitWrapper.swift; sourceTree = "<group>"; };
/* End PBXFileReference section */

/* Begin PBXFrameworksBuildPhase section */
		764DC0161F3540FF00CEBB4F /* Frameworks */ = {
			isa = PBXFrameworksBuildPhase;
			buildActionMask = 2147483647;
			files = (
				6F555EA83C2E670B1337DB92 /* Pods_GenAudio.framework in Frameworks */,
			);
			runOnlyForDeploymentPostprocessing = 0;
		};
/* End PBXFrameworksBuildPhase section */

/* Begin PBXGroup section */
		0E5A929DB8987FD9701EC0A7 /* Pods */ = {
			isa = PBXGroup;
			children = (
				4F40358B0814CE67F7450D2F /* Pods-GenAudio.debug.xcconfig */,
				3F809DAF3664BF3ABE80829D /* Pods-GenAudio.release.xcconfig */,
			);
			name = Pods;
			sourceTree = "<group>";
		};
		764DC0101F3540FF00CEBB4F = {
			isa = PBXGroup;
			children = (
				764DC01B1F3540FF00CEBB4F /* GenAudio */,
				764DC01A1F3540FF00CEBB4F /* Products */,
				0E5A929DB8987FD9701EC0A7 /* Pods */,
				947CAC2B8C2E3002FBF6596D /* Frameworks */,
			);
			sourceTree = "<group>";
		};
		764DC01A1F3540FF00CEBB4F /* Products */ = {
			isa = PBXGroup;
			children = (
				764DC0191F3540FF00CEBB4F /* GenAudio.app */,
			);
			name = Products;
			sourceTree = "<group>";
		};
		764DC01B1F3540FF00CEBB4F /* GenAudio */ = {
			isa = PBXGroup;
			children = (
				764DC01C1F3540FF00CEBB4F /* AppDelegate.swift */,
				764DC01E1F3540FF00CEBB4F /* ViewController.swift */,
				764DC0201F35410000CEBB4F /* Main.storyboard */,
				764DC0231F35410000CEBB4F /* Assets.xcassets */,
				764DC0251F35410000CEBB4F /* LaunchScreen.storyboard */,
				764DC0281F35410000CEBB4F /* Info.plist */,
				764DC02E1F35419700CEBB4F /* G8AudioKitWrapper.swift */,
			);
			path = GenAudio;
			sourceTree = "<group>";
		};
		947CAC2B8C2E3002FBF6596D /* Frameworks */ = {
			isa = PBXGroup;
			children = (
				458D79967D454040596CA97F /* Pods_GenAudio.framework */,
			);
			name = Frameworks;
			sourceTree = "<group>";
		};
/* End PBXGroup section */

/* Begin PBXNativeTarget section */
		764DC0181F3540FF00CEBB4F /* GenAudio */ = {
			isa = PBXNativeTarget;
			buildConfigurationList = 764DC02B1F35410000CEBB4F /* Build configuration list for PBXNativeTarget "GenAudio" */;
			buildPhases = (
				F94106AB4F8DFCB24498A8E1 /* [CP] Check Pods Manifest.lock */,
				764DC0151F3540FF00CEBB4F /* Sources */,
				764DC0161F3540FF00CEBB4F /* Frameworks */,
				764DC0171F3540FF00CEBB4F /* Resources */,
				2AAD0403EECF1F558DA7603E /* [CP] Embed Pods Frameworks */,
				A1CE6986FDDF19800A684152 /* [CP] Copy Pods Resources */,
			);
			buildRules = (
			);
			dependencies = (
			);
			name = GenAudio;
			productName = GenAudio;
			productReference = 764DC0191F3540FF00CEBB4F /* GenAudio.app */;
			productType = "com.apple.product-type.application";
		};
/* End PBXNativeTarget section */

/* Begin PBXProject section */
		764DC0111F3540FF00CEBB4F /* Project object */ = {
			isa = PBXProject;
			attributes = {
				LastSwiftUpdateCheck = 0830;
				LastUpgradeCheck = 0830;
				ORGANIZATIONNAME = Hybridity;
				TargetAttributes = {
					764DC0181F3540FF00CEBB4F = {
						CreatedOnToolsVersion = 8.3.3;
						DevelopmentTeam = ESDVLEEEJP;
						ProvisioningStyle = Automatic;
					};
				};
			};
			buildConfigurationList = 764DC0141F3540FF00CEBB4F /* Build configuration list for PBXProject "GenAudio" */;
			compatibilityVersion = "Xcode 3.2";
			developmentRegion = English;
			hasScannedForEncodings = 0;
			knownRegions = (
				en,
				Base,
			);
			mainGroup = 764DC0101F3540FF00CEBB4F;
			productRefGroup = 764DC01A1F3540FF00CEBB4F /* Products */;
			projectDirPath = "";
			projectRoot = "";
			targets = (
				764DC0181F3540FF00CEBB4F /* GenAudio */,
			);
		};
/* End PBXProject section */

/* Begin PBXResourcesBuildPhase section */
		764DC0171F3540FF00CEBB4F /* Resources */ = {
			isa = PBXResourcesBuildPhase;
			buildActionMask = 2147483647;
			files = (
				764DC0271F35410000CEBB4F /* LaunchScreen.storyboard in Resources */,
				764DC0241F35410000CEBB4F /* Assets.xcassets in Resources */,
				764DC0221F35410000CEBB4F /* Main.storyboard in Resources */,
			);
			runOnlyForDeploymentPostprocessing = 0;
		};
/* End PBXResourcesBuildPhase section */

/* Begin PBXShellScriptBuildPhase section */
		2AAD0403EECF1F558DA7603E /* [CP] Embed Pods Frameworks */ = {
			isa = PBXShellScriptBuildPhase;
			buildActionMask = 2147483647;
			files = (
			);
			inputPaths = (
			);
			name = "[CP] Embed Pods Frameworks";
			outputPaths = (
			);
			runOnlyForDeploymentPostprocessing = 0;
			shellPath = /bin/sh;
			shellScript = "\"${SRCROOT}/Pods/Target Support Files/Pods-GenAudio/Pods-GenAudio-frameworks.sh\"\n";
			showEnvVarsInLog = 0;
		};
		A1CE6986FDDF19800A684152 /* [CP] Copy Pods Resources */ = {
			isa = PBXShellScriptBuildPhase;
			buildActionMask = 2147483647;
			files = (
			);
			inputPaths = (
			);
			name = "[CP] Copy Pods Resources";
			outputPaths = (
			);
			runOnlyForDeploymentPostprocessing = 0;
			shellPath = /bin/sh;
			shellScript = "\"${SRCROOT}/Pods/Target Support Files/Pods-GenAudio/Pods-GenAudio-resources.sh\"\n";
			showEnvVarsInLog = 0;
		};
		F94106AB4F8DFCB24498A8E1 /* [CP] Check Pods Manifest.lock */ = {
			isa = PBXShellScriptBuildPhase;
			buildActionMask = 2147483647;
			files = (
			);
			inputPaths = (
			);
			name = "[CP] Check Pods Manifest.lock";
			outputPaths = (
			);
			runOnlyForDeploymentPostprocessing = 0;
			shellPath = /bin/sh;
			shellScript = "diff \"${PODS_ROOT}/../Podfile.lock\" \"${PODS_ROOT}/Manifest.lock\" > /dev/null\nif [ $? != 0 ] ; then\n    # print error to STDERR\n    echo \"error: The sandbox is not in sync with the Podfile.lock. Run 'pod install' or update your CocoaPods installation.\" >&2\n    exit 1\nfi\n";
			showEnvVarsInLog = 0;
		};
/* End PBXShellScriptBuildPhase section */

/* Begin PBXSourcesBuildPhase section */
		764DC0151F3540FF00CEBB4F /* Sources */ = {
			isa = PBXSourcesBuildPhase;
			buildActionMask = 2147483647;
			files = (
				764DC01F1F3540FF00CEBB4F /* ViewController.swift in Sources */,
				764DC02F1F35419700CEBB4F /* G8AudioKitWrapper.swift in Sources */,
				764DC01D1F3540FF00CEBB4F /* AppDelegate.swift in Sources */,
			);
			runOnlyForDeploymentPostprocessing = 0;
		};
/* End PBXSourcesBuildPhase section */

/* Begin PBXVariantGroup section */
		764DC0201F35410000CEBB4F /* Main.storyboard */ = {
			isa = PBXVariantGroup;
			children = (
				764DC0211F35410000CEBB4F /* Base */,
			);
			name = Main.storyboard;
			sourceTree = "<group>";
		};
		764DC0251F35410000CEBB4F /* LaunchScreen.storyboard */ = {
			isa = PBXVariantGroup;
			children = (
				764DC0261F35410000CEBB4F /* Base */,
			);
			name = LaunchScreen.storyboard;
			sourceTree = "<group>";
		};
/* End PBXVariantGroup section */

/* Begin XCBuildConfiguration section */
		764DC0291F35410000CEBB4F /* Debug */ = {
			isa = XCBuildConfiguration;
			buildSettings = {
				ALWAYS_SEARCH_USER_PATHS = NO;
				CLANG_ANALYZER_NONNULL = YES;
				CLANG_ANALYZER_NUMBER_OBJECT_CONVERSION = YES_AGGRESSIVE;
				CLANG_CXX_LANGUAGE_STANDARD = "gnu++0x";
				CLANG_CXX_LIBRARY = "libc++";
				CLANG_ENABLE_MODULES = YES;
				CLANG_ENABLE_OBJC_ARC = YES;
				CLANG_WARN_BOOL_CONVERSION = YES;
				CLANG_WARN_CONSTANT_CONVERSION = YES;
				CLANG_WARN_DIRECT_OBJC_ISA_USAGE = YES_ERROR;
				CLANG_WARN_DOCUMENTATION_COMMENTS = YES;
				CLANG_WARN_EMPTY_BODY = YES;
				CLANG_WARN_ENUM_CONVERSION = YES;
				CLANG_WARN_INFINITE_RECURSION = YES;
				CLANG_WARN_INT_CONVERSION = YES;
				CLANG_WARN_OBJC_ROOT_CLASS = YES_ERROR;
				CLANG_WARN_SUSPICIOUS_MOVE = YES;
				CLANG_WARN_UNREACHABLE_CODE = YES;
				CLANG_WARN__DUPLICATE_METHOD_MATCH = YES;
				"CODE_SIGN_IDENTITY[sdk=iphoneos*]" = "iPhone Developer";
				COPY_PHASE_STRIP = NO;
				DEBUG_INFORMATION_FORMAT = dwarf;
				ENABLE_STRICT_OBJC_MSGSEND = YES;
				ENABLE_TESTABILITY = YES;
				GCC_C_LANGUAGE_STANDARD = gnu99;
				GCC_DYNAMIC_NO_PIC = NO;
				GCC_NO_COMMON_BLOCKS = YES;
				GCC_OPTIMIZATION_LEVEL = 0;
				GCC_PREPROCESSOR_DEFINITIONS = (
					"DEBUG=1",
					"$(inherited)",
				);
				GCC_WARN_64_TO_32_BIT_CONVERSION = YES;
				GCC_WARN_ABOUT_RETURN_TYPE = YES_ERROR;
				GCC_WARN_UNDECLARED_SELECTOR = YES;
				GCC_WARN_UNINITIALIZED_AUTOS = YES_AGGRESSIVE;
				GCC_WARN_UNUSED_FUNCTION = YES;
				GCC_WARN_UNUSED_VARIABLE = YES;
				IPHONEOS_DEPLOYMENT_TARGET = 10.3;
				MTL_ENABLE_DEBUG_INFO = YES;
				ONLY_ACTIVE_ARCH = YES;
				SDKROOT = iphoneos;
				SWIFT_ACTIVE_COMPILATION_CONDITIONS = DEBUG;
				SWIFT_OPTIMIZATION_LEVEL = "-Onone";
				TARGETED_DEVICE_FAMILY = "1,2";
			};
			name = Debug;
		};
		764DC02A1F35410000CEBB4F /* Release */ = {
			isa = XCBuildConfiguration;
			buildSettings = {
				ALWAYS_SEARCH_USER_PATHS = NO;
				CLANG_ANALYZER_NONNULL = YES;
				CLANG_ANALYZER_NUMBER_OBJECT_CONVERSION = YES_AGGRESSIVE;
				CLANG_CXX_LANGUAGE_STANDARD = "gnu++0x";
				CLANG_CXX_LIBRARY = "libc++";
				CLANG_ENABLE_MODULES = YES;
				CLANG_ENABLE_OBJC_ARC = YES;
				CLANG_WARN_BOOL_CONVERSION = YES;
				CLANG_WARN_CONSTANT_CONVERSION = YES;
				CLANG_WARN_DIRECT_OBJC_ISA_USAGE = YES_ERROR;
				CLANG_WARN_DOCUMENTATION_COMMENTS = YES;
				CLANG_WARN_EMPTY_BODY = YES;
				CLANG_WARN_ENUM_CONVERSION = YES;
				CLANG_WARN_INFINITE_RECURSION = YES;
				CLANG_WARN_INT_CONVERSION = YES;
				CLANG_WARN_OBJC_ROOT_CLASS = YES_ERROR;
				CLANG_WARN_SUSPICIOUS_MOVE = YES;
				CLANG_WARN_UNREACHABLE_CODE = YES;
				CLANG_WARN__DUPLICATE_METHOD_MATCH = YES;
				"CODE_SIGN_IDENTITY[sdk=iphoneos*]" = "iPhone Developer";
				COPY_PHASE_STRIP = NO;
				DEBUG_INFORMATION_FORMAT = "dwarf-with-dsym";
				ENABLE_NS_ASSERTIONS = NO;
				ENABLE_STRICT_OBJC_MSGSEND = YES;
				GCC_C_LANGUAGE_STANDARD = gnu99;
				GCC_NO_COMMON_BLOCKS = YES;
				GCC_WARN_64_TO_32_BIT_CONVERSION = YES;
				GCC_WARN_ABOUT_RETURN_TYPE = YES_ERROR;
				GCC_WARN_UNDECLARED_SELECTOR = YES;
				GCC_WARN_UNINITIALIZED_AUTOS = YES_AGGRESSIVE;
				GCC_WARN_UNUSED_FUNCTION = YES;
				GCC_WARN_UNUSED_VARIABLE = YES;
				IPHONEOS_DEPLOYMENT_TARGET = 10.3;
				MTL_ENABLE_DEBUG_INFO = NO;
				SDKROOT = iphoneos;
				SWIFT_OPTIMIZATION_LEVEL = "-Owholemodule";
				TARGETED_DEVICE_FAMILY = "1,2";
				VALIDATE_PRODUCT = YES;
			};
			name = Release;
		};
		764DC02C1F35410000CEBB4F /* Debug */ = {
			isa = XCBuildConfiguration;
			baseConfigurationReference = 4F40358B0814CE67F7450D2F /* Pods-GenAudio.debug.xcconfig */;
			buildSettings = {
				ASSETCATALOG_COMPILER_APPICON_NAME = AppIcon;
				DEVELOPMENT_TEAM = ESDVLEEEJP;
				INFOPLIST_FILE = GenAudio/Info.plist;
				LD_RUNPATH_SEARCH_PATHS = "$(inherited) @executable_path/Frameworks";
				PRODUCT_BUNDLE_IDENTIFIER = Hybridity.GenAudio;
				PRODUCT_NAME = "$(TARGET_NAME)";
				SWIFT_VERSION = 3.0;
			};
			name = Debug;
		};
		764DC02D1F35410000CEBB4F /* Release */ = {
			isa = XCBuildConfiguration;
			baseConfigurationReference = 3F809DAF3664BF3ABE80829D /* Pods-GenAudio.release.xcconfig */;
			buildSettings = {
				ASSETCATALOG_COMPILER_APPICON_NAME = AppIcon;
				DEVELOPMENT_TEAM = ESDVLEEEJP;
				INFOPLIST_FILE = GenAudio/Info.plist;
				LD_RUNPATH_SEARCH_PATHS = "$(inherited) @executable_path/Frameworks";
				PRODUCT_BUNDLE_IDENTIFIER = Hybridity.GenAudio;
				PRODUCT_NAME = "$(TARGET_NAME)";
				SWIFT_VERSION = 3.0;
			};
			name = Release;
		};
/* End XCBuildConfiguration section */

/* Begin XCConfigurationList section */
		764DC0141F3540FF00CEBB4F /* Build configuration list for PBXProject "GenAudio" */ = {
			isa = XCConfigurationList;
			buildConfigurations = (
				764DC0291F35410000CEBB4F /* Debug */,
				764DC02A1F35410000CEBB4F /* Release */,
			);
			defaultConfigurationIsVisible = 0;
			defaultConfigurationName = Release;
		};
		764DC02B1F35410000CEBB4F /* Build configuration list for PBXNativeTarget "GenAudio" */ = {
			isa = XCConfigurationList;
			buildConfigurations = (
				764DC02C1F35410000CEBB4F /* Debug */,
				764DC02D1F35410000CEBB4F /* Release */,
			);
			defaultConfigurationIsVisible = 0;
			defaultConfigurationName = Release;
		};
/* End XCConfigurationList section */
	};
	rootObject = 764DC0111F3540FF00CEBB4F /* Project object */;
}
